
Microsoft Visual Studio Solution File, Format Version 12.00
# Visual Studio Version 16
VisualStudioVersion = 16.0.31727.386
MinimumVisualStudioVersion = 10.0.40219.1
Project("{8BC9CEB8-8B4A-11D0-8D11-00A0C91BC942}") = "Application", "Application\Application.vcxproj", "{A84382BE-4899-49F7-8F1E-328839564D61}"
EndProject
Project("{8BC9CEB8-8B4A-11D0-8D11-00A0C91BC942}") = "Engine", "Engine\Engine.vcxproj", "{D1B97678-F8F6-4F15-9A9A-2E29E18E6901}"
EndProject
Global
	GlobalSection(SolutionConfigurationPlatforms) = preSolution
		Debug|x64 = Debug|x64
		Debug|x86 = Debug|x86
		Release|x64 = Release|x64
		Release|x86 = Release|x86
	EndGlobalSection
	GlobalSection(ProjectConfigurationPlatforms) = postSolution
		{A84382BE-4899-49F7-8F1E-328839564D61}.Debug|x64.ActiveCfg = Debug|x64
		{A84382BE-4899-49F7-8F1E-328839564D61}.Debug|x64.Build.0 = Debug|x64
		{A84382BE-4899-49F7-8F1E-328839564D61}.Debug|x86.ActiveCfg = Debug|Win32
		{A84382BE-4899-49F7-8F1E-328839564D61}.Debug|x86.Build.0 = Debug|Win32
		{A84382BE-4899-49F7-8F1E-328839564D61}.Release|x64.ActiveCfg = Release|x64
		{A84382BE-4899-49F7-8F1E-328839564D61}.Release|x64.Build.0 = Release|x64
		{A84382BE-4899-49F7-8F1E-328839564D61}.Release|x86.ActiveCfg = Release|Win32
		{A84382BE-4899-49F7-8F1E-328839564D61}.Release|x86.Build.0 = Release|Win32
		{D1B97678-F8F6-4F15-9A9A-2E29E18E6901}.Debug|x64.ActiveCfg = Debug|x64
		{D1B97678-F8F6-4F15-9A9A-2E29E18E6901}.Debug|x64.Build.0 = Debug|x64
		{D1B97678-F8F6-4F15-9A9A-2E29E18E6901}.Debug|x86.ActiveCfg = Debug|Win32
		{D1B97678-F8F6-4F15-9A9A-2E29E18E6901}.Debug|x86.Build.0 = Debug|Win32
		{D1B97678-F8F6-4F15-9A9A-2E29E18E6901}.Release|x64.ActiveCfg = Release|x64
		{D1B97678-F8F6-4F15-9A9A-2E29E18E6901}.Release|x64.Build.0 = Release|x64
		{D1B97678-F8F6-4F15-9A9A-2E29E18E6901}.Release|x86.ActiveCfg = Release|Win32
		{D1B97678-F8F6-4F15-9A9A-2E29E18E6901}.Release|x86.Build.0 = Release|Win32
	EndGlobalSection
	GlobalSection(SolutionProperties) = preSolution
		HideSolutionNode = FALSE
	EndGlobalSection
	GlobalSection(ExtensibilityGlobals) = postSolution
		SolutionGuid = {39E21D9D-3D04-45EA-809D-126D223E0C00}
	EndGlobalSection
EndGlobal
